
Microsoft Visual Studio Solution File, Format Version 12.00
# Visual Studio Version 16
VisualStudioVersion = 16.0.29709.97
MinimumVisualStudioVersion = 10.0.40219.1
Project("{FAE04EC0-301F-11D3-BF4B-00C04F79EFBC}") = "ClienteEndereco.API", "ClienteEndereco.API\ClienteEndereco.API.csproj", "{C96A2573-4F9A-4E7F-80A5-83CD5F8D75BF}"
EndProject
Project("{FAE04EC0-301F-11D3-BF4B-00C04F79EFBC}") = "Shared", "Shared\Shared.csproj", "{FCB9D350-DD26-42B3-B3F7-ECAA64FC6927}"
EndProject
Global
	GlobalSection(SolutionConfigurationPlatforms) = preSolution
		Debug|Any CPU = Debug|Any CPU
		Release|Any CPU = Release|Any CPU
	EndGlobalSection
	GlobalSection(ProjectConfigurationPlatforms) = postSolution
		{C96A2573-4F9A-4E7F-80A5-83CD5F8D75BF}.Debug|Any CPU.ActiveCfg = Debug|Any CPU
		{C96A2573-4F9A-4E7F-80A5-83CD5F8D75BF}.Debug|Any CPU.Build.0 = Debug|Any CPU
		{C96A2573-4F9A-4E7F-80A5-83CD5F8D75BF}.Release|Any CPU.ActiveCfg = Release|Any CPU
		{C96A2573-4F9A-4E7F-80A5-83CD5F8D75BF}.Release|Any CPU.Build.0 = Release|Any CPU
		{FCB9D350-DD26-42B3-B3F7-ECAA64FC6927}.Debug|Any CPU.ActiveCfg = Debug|Any CPU
		{FCB9D350-DD26-42B3-B3F7-ECAA64FC6927}.Debug|Any CPU.Build.0 = Debug|Any CPU
		{FCB9D350-DD26-42B3-B3F7-ECAA64FC6927}.Release|Any CPU.ActiveCfg = Release|Any CPU
		{FCB9D350-DD26-42B3-B3F7-ECAA64FC6927}.Release|Any CPU.Build.0 = Release|Any CPU
	EndGlobalSection
	GlobalSection(SolutionProperties) = preSolution
		HideSolutionNode = FALSE
	EndGlobalSection
	GlobalSection(ExtensibilityGlobals) = postSolution
		SolutionGuid = {CDFF90CF-F737-4F15-9AA2-DFE60482CBE7}
	EndGlobalSection
EndGlobal
